
Microsoft Visual Studio Solution File, Format Version 12.00
# Visual Studio Version 16
VisualStudioVersion = 16.0.28516.95
MinimumVisualStudioVersion = 10.0.40219.1
Project("{FAE04EC0-301F-11D3-BF4B-00C04F79EFBC}") = "Cooking", "Cooking\Cooking.csproj", "{0229C63F-BE7E-4C03-963F-5BFE87C25E7F}"
EndProject
Project("{9A19103F-16F7-4668-BE54-9A1E7A4F7556}") = "Data", "Data\Data.csproj", "{1AD0ACAC-D704-48A6-9D17-171D3886FE0A}"
EndProject
Project("{9A19103F-16F7-4668-BE54-9A1E7A4F7556}") = "DatabaseTests", "DatabaseTests\DatabaseTests.csproj", "{217A3CDB-8B64-4C13-9F69-11F43AB11347}"
EndProject
Project("{FAE04EC0-301F-11D3-BF4B-00C04F79EFBC}") = "CookingCore", "CookingCore\CookingCore.csproj", "{CCF69234-78CA-428A-A28B-9691A56DDDD0}"
EndProject
Global
	GlobalSection(SolutionConfigurationPlatforms) = preSolution
		Debug|Any CPU = Debug|Any CPU
		Release|Any CPU = Release|Any CPU
	EndGlobalSection
	GlobalSection(ProjectConfigurationPlatforms) = postSolution
		{0229C63F-BE7E-4C03-963F-5BFE87C25E7F}.Debug|Any CPU.ActiveCfg = Debug|Any CPU
		{0229C63F-BE7E-4C03-963F-5BFE87C25E7F}.Debug|Any CPU.Build.0 = Debug|Any CPU
		{0229C63F-BE7E-4C03-963F-5BFE87C25E7F}.Release|Any CPU.ActiveCfg = Release|Any CPU
		{0229C63F-BE7E-4C03-963F-5BFE87C25E7F}.Release|Any CPU.Build.0 = Release|Any CPU
		{1AD0ACAC-D704-48A6-9D17-171D3886FE0A}.Debug|Any CPU.ActiveCfg = Debug|Any CPU
		{1AD0ACAC-D704-48A6-9D17-171D3886FE0A}.Debug|Any CPU.Build.0 = Debug|Any CPU
		{1AD0ACAC-D704-48A6-9D17-171D3886FE0A}.Release|Any CPU.ActiveCfg = Release|Any CPU
		{1AD0ACAC-D704-48A6-9D17-171D3886FE0A}.Release|Any CPU.Build.0 = Release|Any CPU
		{217A3CDB-8B64-4C13-9F69-11F43AB11347}.Debug|Any CPU.ActiveCfg = Debug|Any CPU
		{217A3CDB-8B64-4C13-9F69-11F43AB11347}.Debug|Any CPU.Build.0 = Debug|Any CPU
		{217A3CDB-8B64-4C13-9F69-11F43AB11347}.Release|Any CPU.ActiveCfg = Release|Any CPU
		{217A3CDB-8B64-4C13-9F69-11F43AB11347}.Release|Any CPU.Build.0 = Release|Any CPU
		{CCF69234-78CA-428A-A28B-9691A56DDDD0}.Debug|Any CPU.ActiveCfg = Debug|Any CPU
		{CCF69234-78CA-428A-A28B-9691A56DDDD0}.Debug|Any CPU.Build.0 = Debug|Any CPU
		{CCF69234-78CA-428A-A28B-9691A56DDDD0}.Release|Any CPU.ActiveCfg = Release|Any CPU
		{CCF69234-78CA-428A-A28B-9691A56DDDD0}.Release|Any CPU.Build.0 = Release|Any CPU
	EndGlobalSection
	GlobalSection(SolutionProperties) = preSolution
		HideSolutionNode = FALSE
	EndGlobalSection
	GlobalSection(ExtensibilityGlobals) = postSolution
		SolutionGuid = {9BA0DA67-F628-4FB6-BDDC-D8ED386771D9}
	EndGlobalSection
EndGlobal
